
Microsoft Visual Studio Solution File, Format Version 12.00
# Visual Studio Version 17
VisualStudioVersion = 17.10.35013.160
MinimumVisualStudioVersion = 10.0.40219.1
Project("{9A19103F-16F7-4668-BE54-9A1E7A4F7556}") = "OneTimePassword.Tests", "tests\OneTimePassword.Tests\OneTimePassword.Tests.csproj", "{8C3DC85C-9792-4F7A-BA87-9F3C416C1E2B}"
EndProject
Project("{9A19103F-16F7-4668-BE54-9A1E7A4F7556}") = "OneTimePassword", "src\OneTimePassword\OneTimePassword.csproj", "{B734BB95-3C99-4436-BE31-887B861F0BCE}"
EndProject
Project("{9A19103F-16F7-4668-BE54-9A1E7A4F7556}") = "BauOTP", "src\Apps\BauOTP\BauOTP.csproj", "{A5E92103-86AD-4CA2-9F77-8E47116290FA}"
EndProject
Project("{FAE04EC0-301F-11D3-BF4B-00C04F79EFBC}") = "BauOTP.ViewModels", "src\Apps\BauOTP.ViewModels\BauOTP.ViewModels.csproj", "{17035CE4-6961-4BB3-AB92-000D0A59D0DC}"
EndProject
Project("{2150E333-8FDC-42A3-9474-1A3956D46DE8}") = "SampleApp", "SampleApp", "{7215AE62-6FF3-4583-B500-345A95B8D3BA}"
EndProject
Global
	GlobalSection(SolutionConfigurationPlatforms) = preSolution
		Debug|Any CPU = Debug|Any CPU
		Release|Any CPU = Release|Any CPU
	EndGlobalSection
	GlobalSection(ProjectConfigurationPlatforms) = postSolution
		{8C3DC85C-9792-4F7A-BA87-9F3C416C1E2B}.Debug|Any CPU.ActiveCfg = Debug|Any CPU
		{8C3DC85C-9792-4F7A-BA87-9F3C416C1E2B}.Debug|Any CPU.Build.0 = Debug|Any CPU
		{8C3DC85C-9792-4F7A-BA87-9F3C416C1E2B}.Release|Any CPU.ActiveCfg = Release|Any CPU
		{8C3DC85C-9792-4F7A-BA87-9F3C416C1E2B}.Release|Any CPU.Build.0 = Release|Any CPU
		{B734BB95-3C99-4436-BE31-887B861F0BCE}.Debug|Any CPU.ActiveCfg = Debug|Any CPU
		{B734BB95-3C99-4436-BE31-887B861F0BCE}.Debug|Any CPU.Build.0 = Debug|Any CPU
		{B734BB95-3C99-4436-BE31-887B861F0BCE}.Release|Any CPU.ActiveCfg = Release|Any CPU
		{B734BB95-3C99-4436-BE31-887B861F0BCE}.Release|Any CPU.Build.0 = Release|Any CPU
		{A5E92103-86AD-4CA2-9F77-8E47116290FA}.Debug|Any CPU.ActiveCfg = Debug|Any CPU
		{A5E92103-86AD-4CA2-9F77-8E47116290FA}.Debug|Any CPU.Build.0 = Debug|Any CPU
		{A5E92103-86AD-4CA2-9F77-8E47116290FA}.Release|Any CPU.ActiveCfg = Release|Any CPU
		{A5E92103-86AD-4CA2-9F77-8E47116290FA}.Release|Any CPU.Build.0 = Release|Any CPU
		{17035CE4-6961-4BB3-AB92-000D0A59D0DC}.Debug|Any CPU.ActiveCfg = Debug|Any CPU
		{17035CE4-6961-4BB3-AB92-000D0A59D0DC}.Debug|Any CPU.Build.0 = Debug|Any CPU
		{17035CE4-6961-4BB3-AB92-000D0A59D0DC}.Release|Any CPU.ActiveCfg = Release|Any CPU
		{17035CE4-6961-4BB3-AB92-000D0A59D0DC}.Release|Any CPU.Build.0 = Release|Any CPU
	EndGlobalSection
	GlobalSection(SolutionProperties) = preSolution
		HideSolutionNode = FALSE
	EndGlobalSection
	GlobalSection(NestedProjects) = preSolution
		{A5E92103-86AD-4CA2-9F77-8E47116290FA} = {7215AE62-6FF3-4583-B500-345A95B8D3BA}
		{17035CE4-6961-4BB3-AB92-000D0A59D0DC} = {7215AE62-6FF3-4583-B500-345A95B8D3BA}
	EndGlobalSection
	GlobalSection(ExtensibilityGlobals) = postSolution
		SolutionGuid = {4CC1835F-D4EB-4908-A729-58AE292E4FE7}
	EndGlobalSection
EndGlobal
